{
    "name": "colony-dapp",
    "version": "1.0.0",
    "lockfileVersion": 1,
    "requires": true,
    "dependencies": {
        "@sindresorhus/is": {
            "version": "0.7.0",
            "resolved": "https://registry.npmjs.org/@sindresorhus/is/-/is-0.7.0.tgz",
            "integrity": "sha512-ONhaKPIufzzrlNbqtWFFd+jlnemX6lJAgq9ZeiZtS7I1PIf/la7CW4m83rTXRnVnsMbW2k56pGYu7AUFJD9Pow=="
        },
        "abstract-leveldown": {
            "version": "5.0.0",
            "resolved": "https://registry.npmjs.org/abstract-leveldown/-/abstract-leveldown-5.0.0.tgz",
            "integrity": "sha512-5mU5P1gXtsMIXg65/rsYGsi93+MlogXZ9FA8JnwKurHQg64bfXwGYVdVdijNTVNOlAsuIiOwHdvFFD5JqCJQ7A==",
            "requires": {
                "xtend": "4.0.1"
            }
        },
        "ansi-regex": {
            "version": "2.1.1",
            "resolved": "https://registry.npmjs.org/ansi-regex/-/ansi-regex-2.1.1.tgz",
            "integrity": "sha1-w7M6te42DYbg5ijwRorn7yfWVN8="
        },
        "aproba": {
            "version": "1.2.0",
            "resolved": "https://registry.npmjs.org/aproba/-/aproba-1.2.0.tgz",
            "integrity": "sha512-Y9J6ZjXtoYh8RnXVCMOU/ttDmk1aBjunq9vO0ta5x85WDQiQfUF9sIPBITdbiiIVcBo03Hi3jMxigBtsddlXRw=="
        },
        "are-we-there-yet": {
            "version": "1.1.5",
            "resolved": "https://registry.npmjs.org/are-we-there-yet/-/are-we-there-yet-1.1.5.tgz",
            "integrity": "sha512-5hYdAkZlcG8tOLujVDTgCT+uPX0VnpAH28gWsLfzpXYm7wP6mp5Q/gYyR7YQ0cKVJcXJnl3j2kpBan13PtQf6w==",
            "requires": {
                "delegates": "1.0.0",
                "readable-stream": "2.3.6"
            }
        },
        "base-x": {
            "version": "3.0.4",
            "resolved": "https://registry.npmjs.org/base-x/-/base-x-3.0.4.tgz",
            "integrity": "sha512-UYOadoSIkEI/VrRGSG6qp93rp2WdokiAiNYDfGW5qURAY8GiAQkvMbwNNSDYiVJopqv4gCna7xqf4rrNGp+5AA==",
            "requires": {
                "safe-buffer": "5.1.2"
            }
        },
        "bindings": {
            "version": "1.3.0",
            "resolved": "https://registry.npmjs.org/bindings/-/bindings-1.3.0.tgz",
            "integrity": "sha512-DpLh5EzMR2kzvX1KIlVC0VkC3iZtHKTgdtZ0a3pglBZdaQFjt5S9g9xd1lE+YvXyfd6mtCeRnrUfOLYiTMlNSw=="
        },
        "bl": {
            "version": "1.2.2",
            "resolved": "https://registry.npmjs.org/bl/-/bl-1.2.2.tgz",
            "integrity": "sha512-e8tQYnZodmebYDWGH7KMRvtzKXaJHx3BbilrgZCfvyLUYdKpK1t5PSPmpkny/SgiTSCnjfLW7v5rlONXVFkQEA==",
            "requires": {
                "readable-stream": "2.3.6",
                "safe-buffer": "5.1.2"
            }
        },
        "brorand": {
            "version": "1.1.0",
            "resolved": "https://registry.npmjs.org/brorand/-/brorand-1.1.0.tgz",
            "integrity": "sha1-EsJe/kCkXjwyPrhnWgoM5XsiNx8="
        },
        "bs58": {
            "version": "4.0.1",
            "resolved": "https://registry.npmjs.org/bs58/-/bs58-4.0.1.tgz",
            "integrity": "sha1-vhYedsNU9veIrkBx9j806MTwpCo=",
            "requires": {
                "base-x": "3.0.4"
            }
        },
        "buffer-alloc": {
            "version": "1.2.0",
            "resolved": "https://registry.npmjs.org/buffer-alloc/-/buffer-alloc-1.2.0.tgz",
            "integrity": "sha512-CFsHQgjtW1UChdXgbyJGtnm+O/uLQeZdtbDo8mfUgYXCHSM1wgrVxXm6bSyrUuErEb+4sYVGCzASBRot7zyrow==",
            "requires": {
                "buffer-alloc-unsafe": "1.1.0",
                "buffer-fill": "1.0.0"
            }
        },
        "buffer-alloc-unsafe": {
            "version": "1.1.0",
            "resolved": "https://registry.npmjs.org/buffer-alloc-unsafe/-/buffer-alloc-unsafe-1.1.0.tgz",
            "integrity": "sha512-TEM2iMIEQdJ2yjPJoSIsldnleVaAk1oW3DBVUykyOLsEsFmEc9kn+SFFPz+gl54KQNxlDnAwCXosOS9Okx2xAg=="
        },
        "buffer-fill": {
            "version": "1.0.0",
            "resolved": "https://registry.npmjs.org/buffer-fill/-/buffer-fill-1.0.0.tgz",
            "integrity": "sha1-+PeLdniYiO858gXNY39o5wISKyw="
        },
        "chownr": {
            "version": "1.1.1",
            "resolved": "https://registry.npmjs.org/chownr/-/chownr-1.1.1.tgz",
            "integrity": "sha512-j38EvO5+LHX84jlo6h4UzmOwi0UgW61WRyPtJz4qaadK5eY3BTS5TY/S1Stc3Uk2lIM6TPevAlULiEJwie860g=="
        },
        "code-point-at": {
            "version": "1.1.0",
            "resolved": "https://registry.npmjs.org/code-point-at/-/code-point-at-1.1.0.tgz",
            "integrity": "sha1-DQcLTQQ6W+ozovGkDi7bPZpMz3c="
        },
        "console-control-strings": {
            "version": "1.1.0",
            "resolved": "https://registry.npmjs.org/console-control-strings/-/console-control-strings-1.1.0.tgz",
            "integrity": "sha1-PXz0Rk22RG6mRL9LOVB/mFEAjo4="
        },
        "core-util-is": {
            "version": "1.0.2",
            "resolved": "https://registry.npmjs.org/core-util-is/-/core-util-is-1.0.2.tgz",
            "integrity": "sha1-tf1UIgqivFq1eqtxQMlAdUUDwac="
        },
        "crdts": {
            "version": "0.1.5",
            "resolved": "https://registry.npmjs.org/crdts/-/crdts-0.1.5.tgz",
            "integrity": "sha512-4Z/dQqa9qzMPlrE+zd0ecl53QFwaTZVVYTUgxvpF0k8OcOy4HY7c+C9brXp81eigLE0EKENTVp3CjIMY9b/ezg=="
        },
        "decompress-response": {
            "version": "3.3.0",
            "resolved": "https://registry.npmjs.org/decompress-response/-/decompress-response-3.3.0.tgz",
            "integrity": "sha1-gKTdMjdIOEv6JICDYirt7Jgq3/M=",
            "requires": {
                "mimic-response": "1.0.1"
            }
        },
        "deep-extend": {
            "version": "0.6.0",
            "resolved": "https://registry.npmjs.org/deep-extend/-/deep-extend-0.6.0.tgz",
            "integrity": "sha512-LOHxIOaPYdHlJRtCQfDIVZtfw/ufM8+rVj649RIHzcm/vGwQRXFt6OPqIFWsm2XEMrNIEtWR64sY1LEKD2vAOA=="
        },
        "delegates": {
            "version": "1.0.0",
            "resolved": "https://registry.npmjs.org/delegates/-/delegates-1.0.0.tgz",
            "integrity": "sha1-hMbhWbgZBP3KWaDvRM2HDTElD5o="
        },
        "detect-libc": {
            "version": "1.0.3",
            "resolved": "https://registry.npmjs.org/detect-libc/-/detect-libc-1.0.3.tgz",
            "integrity": "sha1-+hN8S9aY7fVc1c0CrFWfkaTEups="
        },
        "elliptic": {
            "version": "6.4.1",
            "resolved": "https://registry.npmjs.org/elliptic/-/elliptic-6.4.1.tgz",
            "integrity": "sha512-BsXLz5sqX8OHcsh7CqBMztyXARmGQ3LWPtGjJi6DiJHq5C/qvi9P3OqgswKSDftbu8+IoI/QDTAm2fFnQ9SZSQ==",
            "requires": {
                "bn.js": "4.11.8",
                "brorand": "1.1.0",
                "hash.js": "1.1.5",
                "hmac-drbg": "1.0.1",
                "inherits": "2.0.3",
                "minimalistic-assert": "1.0.1",
                "minimalistic-crypto-utils": "1.0.1"
            },
            "dependencies": {
                "bn.js": {
                    "version": "4.11.8",
                    "resolved": "https://registry.npmjs.org/bn.js/-/bn.js-4.11.8.tgz",
                    "integrity": "sha512-ItfYfPLkWHUjckQCk8xC+LwxgK8NYcXywGigJgSwOP8Y2iyWT4f2vsZnoOXTTbo+o5yXmIUJ4gn5538SO5S3gA=="
                }
            }
        },
        "end-of-stream": {
            "version": "1.4.1",
            "resolved": "https://registry.npmjs.org/end-of-stream/-/end-of-stream-1.4.1.tgz",
            "integrity": "sha512-1MkrZNvWTKCaigbn+W15elq2BB/L22nqrSY5DKlo3X6+vclJm8Bb5djXJBmEX6fS3+zCh/F4VBK5Z2KxJt4s2Q==",
            "requires": {
                "once": "1.4.0"
            }
        },
        "expand-template": {
            "version": "1.1.1",
            "resolved": "https://registry.npmjs.org/expand-template/-/expand-template-1.1.1.tgz",
            "integrity": "sha512-cebqLtV8KOZfw0UI8TEFWxtczxxC1jvyUvx6H4fyp1K1FN7A4Q+uggVUlOsI1K8AGU0rwOGqP8nCapdrw8CYQg=="
        },
        "fast-future": {
            "version": "1.0.2",
            "resolved": "https://registry.npmjs.org/fast-future/-/fast-future-1.0.2.tgz",
            "integrity": "sha1-hDWpqqAteSSNF9cE52JZMB2ZKAo="
        },
        "fs-constants": {
            "version": "1.0.0",
            "resolved": "https://registry.npmjs.org/fs-constants/-/fs-constants-1.0.0.tgz",
            "integrity": "sha512-y6OAwoSIf7FyjMIv94u+b5rdheZEjzR63GTyZJm5qh4Bi+2YgwLCcI/fPFZkL5PSixOt6ZNKm+w+Hfp/Bciwow=="
        },
        "gauge": {
            "version": "2.7.4",
            "resolved": "https://registry.npmjs.org/gauge/-/gauge-2.7.4.tgz",
            "integrity": "sha1-LANAXHU4w51+s3sxcCLjJfsBi/c=",
            "requires": {
                "aproba": "1.2.0",
                "console-control-strings": "1.1.0",
                "has-unicode": "2.0.1",
                "object-assign": "4.1.1",
                "signal-exit": "3.0.2",
                "string-width": "1.0.2",
                "strip-ansi": "3.0.1",
                "wide-align": "1.1.3"
            }
        },
        "github-from-package": {
            "version": "0.0.0",
            "resolved": "https://registry.npmjs.org/github-from-package/-/github-from-package-0.0.0.tgz",
            "integrity": "sha1-l/tdlr/eiXMxPyDoKI75oWf6ZM4="
        },
        "graceful-fs": {
            "version": "4.1.11",
            "resolved": "https://registry.npmjs.org/graceful-fs/-/graceful-fs-4.1.11.tgz",
            "integrity": "sha1-Dovf5NHduIVNZOBOp8AOKgJuVlg="
        },
        "has-unicode": {
            "version": "2.0.1",
            "resolved": "https://registry.npmjs.org/has-unicode/-/has-unicode-2.0.1.tgz",
            "integrity": "sha1-4Ob+aijPUROIVeCG0Wkedx3iqLk="
        },
        "hash.js": {
            "version": "1.1.5",
            "resolved": "https://registry.npmjs.org/hash.js/-/hash.js-1.1.5.tgz",
            "integrity": "sha512-eWI5HG9Np+eHV1KQhisXWwM+4EPPYe5dFX1UZZH7k/E3JzDEazVH+VGlZi6R94ZqImq+A3D1mCEtrFIfg/E7sA==",
            "requires": {
                "inherits": "2.0.3",
                "minimalistic-assert": "1.0.1"
            }
        },
        "hmac-drbg": {
            "version": "1.0.1",
            "resolved": "https://registry.npmjs.org/hmac-drbg/-/hmac-drbg-1.0.1.tgz",
            "integrity": "sha1-0nRXAQJabHdabFRXk+1QL8DGSaE=",
            "requires": {
                "hash.js": "1.1.5",
                "minimalistic-assert": "1.0.1",
                "minimalistic-crypto-utils": "1.0.1"
            }
        },
        "immediate": {
            "version": "3.2.3",
            "resolved": "https://registry.npmjs.org/immediate/-/immediate-3.2.3.tgz",
            "integrity": "sha1-0UD6j2FGWb1lQSMwl92qwlzdmRw="
        },
        "imurmurhash": {
            "version": "0.1.4",
            "resolved": "https://registry.npmjs.org/imurmurhash/-/imurmurhash-0.1.4.tgz",
            "integrity": "sha1-khi5srkoojixPcT7a21XbyMUU+o="
        },
        "inherits": {
            "version": "2.0.3",
            "resolved": "https://registry.npmjs.org/inherits/-/inherits-2.0.3.tgz",
            "integrity": "sha1-Yzwsg+PaQqUC9SRmAiSA9CCCYd4="
        },
        "ini": {
            "version": "1.3.5",
            "resolved": "https://registry.npmjs.org/ini/-/ini-1.3.5.tgz",
            "integrity": "sha512-RZY5huIKCMRWDUqZlEi72f/lmXKMvuszcMBduliQ3nnWbx9X/ZBQO7DijMEYS9EhHBb2qacRUMtC7svLwe0lcw=="
        },
        "ipfs-log": {
            "version": "github:orbitdb/ipfs-log#56c8b81cd58aff2c9432dbd4ca0db93624c2c419",
            "requires": {
                "orbit-db-identity-provider": "0.0.2",
                "p-map": "1.2.0",
                "p-whilst": "1.0.0"
            },
            "dependencies": {
                "orbit-db-identity-provider": {
                    "version": "0.0.2",
                    "resolved": "https://registry.npmjs.org/orbit-db-identity-provider/-/orbit-db-identity-provider-0.0.2.tgz",
                    "integrity": "sha512-xE69h4FBIBU4im3KoirRxblHQyDeZesMKw12QqUtRYiIHVT7vhI4hx1QmsUDlZerBz8Pv4IJN4wVMijqCpc7xQ=="
                }
            }
        },
        "ipfs-pubsub-1on1": {
            "version": "0.0.4",
            "resolved": "https://registry.npmjs.org/ipfs-pubsub-1on1/-/ipfs-pubsub-1on1-0.0.4.tgz",
            "integrity": "sha512-q7xbxQpVdW6ISZw2KUTHnSdPE9LvK+YBzPmespYtGo/LwTEoPr8gz4dFazZUfixQaAP95ogY7Ir9q0NwPEw/yg==",
            "requires": {
                "safe-buffer": "5.1.2"
            }
        },
        "ipfs-pubsub-peer-monitor": {
            "version": "0.0.8",
            "resolved": "https://registry.npmjs.org/ipfs-pubsub-peer-monitor/-/ipfs-pubsub-peer-monitor-0.0.8.tgz",
            "integrity": "sha512-/6YJZn3dBbDUxopetJhgU65uAhOiz77CCTTZqEt4zk6s+r2t5+sYLIqO+1vX6IN3Bx2Hpf8iBdyt8JCkuq/zwg==",
            "requires": {
                "p-forever": "1.0.1"
            }
        },
        "is-fullwidth-code-point": {
            "version": "1.0.0",
            "resolved": "https://registry.npmjs.org/is-fullwidth-code-point/-/is-fullwidth-code-point-1.0.0.tgz",
            "integrity": "sha1-754xOG8DGn8NZDr4L95QxFfvAMs=",
            "requires": {
                "number-is-nan": "1.0.1"
            }
        },
        "is-typedarray": {
            "version": "1.0.0",
            "resolved": "https://registry.npmjs.org/is-typedarray/-/is-typedarray-1.0.0.tgz",
            "integrity": "sha1-5HnICFjfDBsR3dppQPlgEfzaSpo="
        },
        "isarray": {
            "version": "1.0.0",
            "resolved": "https://registry.npmjs.org/isarray/-/isarray-1.0.0.tgz",
            "integrity": "sha1-u5NdSFgsuhaMBoNJV6VKPgcSTxE="
        },
        "level-js": {
            "version": "3.0.0",
            "resolved": "https://registry.npmjs.org/level-js/-/level-js-3.0.0.tgz",
            "integrity": "sha512-e2dVpjCWNwIcyboZUsLqx2vERM0I5OPZOE9wfD22fk8b8OeuZRoV4scr0Y+YIyDXE5cwOsO/1LyjsdJ36o+9Ag==",
            "requires": {
                "abstract-leveldown": "5.0.0",
                "immediate": "3.2.3",
                "inherits": "2.0.3",
                "ltgt": "2.2.1",
                "typedarray-to-buffer": "3.1.5"
            }
        },
        "leveldown": {
            "version": "3.0.2",
            "resolved": "https://registry.npmjs.org/leveldown/-/leveldown-3.0.2.tgz",
            "integrity": "sha512-+ANRScj1npQQzv6e4DYAKRjVQZZ+ahMoubKrNP68nIq+l9bYgb+WiXF+14oTcQTg2f7qE9WHGW7rBG9nGSsA+A==",
            "requires": {
                "abstract-leveldown": "4.0.3",
                "bindings": "1.3.0",
                "fast-future": "1.0.2",
                "nan": "2.10.0",
                "prebuild-install": "4.0.0"
            },
            "dependencies": {
                "abstract-leveldown": {
                    "version": "4.0.3",
                    "resolved": "https://registry.npmjs.org/abstract-leveldown/-/abstract-leveldown-4.0.3.tgz",
                    "integrity": "sha512-qsIHFQy0u17JqSY+3ZUT+ykqxYY17yOfvAsLkFkw8kSQqi05d1jyj0bCuSX6sjYlXuY9cKpgUt5EudQdP4aXyA==",
                    "requires": {
                        "xtend": "4.0.1"
                    }
                }
            }
        },
        "logplease": {
            "version": "1.2.15",
            "resolved": "https://registry.npmjs.org/logplease/-/logplease-1.2.15.tgz",
            "integrity": "sha512-jLlHnlsPSJjpwUfcNyUxXCl33AYg2cHhIf9QhGL2T4iPT0XPB+xP1LRKFPgIg1M/sg9kAJvy94w9CzBNrfnstA=="
        },
        "lru": {
            "version": "3.1.0",
            "resolved": "https://registry.npmjs.org/lru/-/lru-3.1.0.tgz",
            "integrity": "sha1-6n+4VG2DczOWoTCR12z+tMBoN9U=",
            "requires": {
                "inherits": "2.0.3"
            }
        },
        "ltgt": {
            "version": "2.2.1",
            "resolved": "https://registry.npmjs.org/ltgt/-/ltgt-2.2.1.tgz",
            "integrity": "sha1-81ypHEk/e3PaDgdJUwTxezH4fuU="
        },
        "mimic-response": {
            "version": "1.0.1",
            "resolved": "https://registry.npmjs.org/mimic-response/-/mimic-response-1.0.1.tgz",
            "integrity": "sha512-j5EctnkH7amfV/q5Hgmoal1g2QHFJRraOtmx0JpIqkxhBhI/lJSl1nMpQ45hVarwNETOoWEimndZ4QK0RHxuxQ=="
        },
        "minimalistic-assert": {
            "version": "1.0.1",
            "resolved": "https://registry.npmjs.org/minimalistic-assert/-/minimalistic-assert-1.0.1.tgz",
            "integrity": "sha512-UtJcAD4yEaGtjPezWuO9wC4nwUnVH/8/Im3yEHQP4b67cXlD/Qr9hdITCU1xDbSEXg2XKNaP8jsReV7vQd00/A=="
        },
        "minimalistic-crypto-utils": {
            "version": "1.0.1",
            "resolved": "https://registry.npmjs.org/minimalistic-crypto-utils/-/minimalistic-crypto-utils-1.0.1.tgz",
            "integrity": "sha1-9sAMHAsIIkblxNmd+4x8CDsrWCo="
        },
        "minimist": {
            "version": "1.2.0",
            "resolved": "http://registry.npmjs.org/minimist/-/minimist-1.2.0.tgz",
            "integrity": "sha1-o1AIsg9BOD7sH7kU9M1d95omQoQ="
        },
        "mkdirp": {
            "version": "0.5.1",
            "resolved": "http://registry.npmjs.org/mkdirp/-/mkdirp-0.5.1.tgz",
            "integrity": "sha1-MAV0OOrGz3+MR2fzhkjWaX11yQM=",
            "requires": {
                "minimist": "0.0.8"
            },
            "dependencies": {
                "minimist": {
                    "version": "0.0.8",
                    "resolved": "http://registry.npmjs.org/minimist/-/minimist-0.0.8.tgz",
                    "integrity": "sha1-hX/Kv8M5fSYluCKCYuhqp6ARsF0="
                }
            }
        },
        "multihashes": {
            "version": "0.4.14",
            "resolved": "https://registry.npmjs.org/multihashes/-/multihashes-0.4.14.tgz",
            "integrity": "sha512-V/g/EIN6nALXfS/xHUAgtfPP3mn3sPIF/i9beuGKf25QXS2QZYCpeVJbDPEannkz32B2fihzCe2D/KMrbcmefg==",
            "requires": {
                "bs58": "4.0.1",
                "varint": "5.0.0"
            }
        },
        "nan": {
            "version": "2.10.0",
            "resolved": "http://registry.npmjs.org/nan/-/nan-2.10.0.tgz",
            "integrity": "sha512-bAdJv7fBLhWC+/Bls0Oza+mvTaNQtP+1RyhhhvD95pgUJz6XM5IzgmxOkItJ9tkoCiplvAnXI1tNmmUD/eScyA=="
        },
        "node-abi": {
            "version": "2.4.5",
            "resolved": "https://registry.npmjs.org/node-abi/-/node-abi-2.4.5.tgz",
            "integrity": "sha512-aa/UC6Nr3+tqhHGRsAuw/edz7/q9nnetBrKWxj6rpTtm+0X9T1qU7lIEHMS3yN9JwAbRiKUbRRFy1PLz/y3aaA==",
            "requires": {
                "semver": "5.5.1"
            }
        },
        "node-localstorage": {
            "version": "1.3.1",
            "resolved": "http://registry.npmjs.org/node-localstorage/-/node-localstorage-1.3.1.tgz",
            "integrity": "sha512-NMWCSWWc6JbHT5PyWlNT2i8r7PgGYXVntmKawY83k/M0UJScZ5jirb61TLnqKwd815DfBQu+lR3sRw08SPzIaQ==",
            "requires": {
                "write-file-atomic": "1.3.4"
            }
        },
        "noop-logger": {
            "version": "0.1.1",
            "resolved": "https://registry.npmjs.org/noop-logger/-/noop-logger-0.1.1.tgz",
            "integrity": "sha1-lKKxYzxPExdVMAfYlm/Q6EG2pMI="
        },
        "npmlog": {
            "version": "4.1.2",
            "resolved": "https://registry.npmjs.org/npmlog/-/npmlog-4.1.2.tgz",
            "integrity": "sha512-2uUqazuKlTaSI/dC8AzicUck7+IrEaOnN/e0jd3Xtt1KcGpwx30v50mL7oPyr/h9bL3E4aZccVwpwP+5W9Vjkg==",
            "requires": {
                "are-we-there-yet": "1.1.5",
                "console-control-strings": "1.1.0",
                "gauge": "2.7.4",
                "set-blocking": "2.0.0"
            }
        },
        "number-is-nan": {
            "version": "1.0.1",
            "resolved": "https://registry.npmjs.org/number-is-nan/-/number-is-nan-1.0.1.tgz",
            "integrity": "sha1-CXtgK1NCKlIsGvuHkDGDNpQaAR0="
        },
        "object-assign": {
            "version": "4.1.1",
            "resolved": "https://registry.npmjs.org/object-assign/-/object-assign-4.1.1.tgz",
            "integrity": "sha1-IQmtx5ZYh8/AXLvUQsrIv7s2CGM="
        },
        "once": {
            "version": "1.4.0",
            "resolved": "https://registry.npmjs.org/once/-/once-1.4.0.tgz",
            "integrity": "sha1-WDsap3WWHUsROsF9nFC6753Xa9E=",
            "requires": {
                "wrappy": "1.0.2"
            }
        },
        "orbit-db": {
            "version": "github:thiagodelgado111/orbit-db#1576b42a8492cd0fbacbcc368ccd1079cc6dcb84",
            "requires": {
                "ipfs-pubsub-1on1": "0.0.4",
                "logplease": "1.2.15",
                "multihashes": "0.4.14",
                "orbit-db-cache": "0.2.4",
                "orbit-db-counterstore": "github:shamb0t/orbit-db-counterstore#4bd6942f5d1c2498134ee8504e99744346780e2f",
                "orbit-db-docstore": "1.4.3",
                "orbit-db-eventstore": "1.4.0",
                "orbit-db-feedstore": "1.4.0",
                "orbit-db-identity-provider": "github:orbitdb/orbit-db-identity-provider#db4bb11ddad8a2cea347782a011bec050827dcef",
                "orbit-db-keystore": "github:orbitdb/orbit-db-keystore#4224c426da2d7f323b54fd4eb9f9c6b3a2935d59",
                "orbit-db-kvstore": "github:thiagodelgado111/orbit-db-kvstore#bc33e3c904caacfa9f02574c358988f121888729",
                "orbit-db-pubsub": "0.5.5",
                "orbit-db-store": "github:shamb0t/orbit-db-store#a9f9bf5fbf0f08329de9473111036d2a37ddfede"
            }
        },
        "orbit-db-cache": {
            "version": "0.2.4",
            "resolved": "https://registry.npmjs.org/orbit-db-cache/-/orbit-db-cache-0.2.4.tgz",
            "integrity": "sha512-0Z0t6C948UOLr7YqZd6opmaCuzCNXFrNS5yG37S4GOJmqZbUi4EuwsqPOX53v4/0fNMsVa18U1ocyHfSShb4+Q==",
            "requires": {
                "level-js": "3.0.0",
                "leveldown": "3.0.2",
                "logplease": "1.2.15",
                "mkdirp": "0.5.1"
            }
        },
        "orbit-db-counterstore": {
            "version": "github:shamb0t/orbit-db-counterstore#4bd6942f5d1c2498134ee8504e99744346780e2f",
            "requires": {
                "crdts": "0.1.5",
                "orbit-db-store": "github:orbitdb/orbit-db-store#516ba0a24d34b8d447413d984ff567a6e806d864"
            },
            "dependencies": {
                "orbit-db-store": {
                    "version": "github:orbitdb/orbit-db-store#516ba0a24d34b8d447413d984ff567a6e806d864",
                    "requires": {
                        "ipfs-log": "github:orbitdb/ipfs-log#56c8b81cd58aff2c9432dbd4ca0db93624c2c419",
                        "logplease": "1.2.15",
                        "p-each-series": "1.0.0",
                        "readable-stream": "2.3.6"
                    }
                }
            }
        },
        "orbit-db-docstore": {
            "version": "1.4.3",
            "resolved": "https://registry.npmjs.org/orbit-db-docstore/-/orbit-db-docstore-1.4.3.tgz",
            "integrity": "sha512-iDSXL3V71qK7CuS3VBEHPMXubCFr77VkpqEu14K5jTLRAYZdL7496VTZX8gf8KSJkYQF+nqz4WHJmqoxh1XU0A==",
            "requires": {
                "orbit-db-store": "github:shamb0t/orbit-db-store#a9f9bf5fbf0f08329de9473111036d2a37ddfede",
                "p-map": "1.1.1"
            },
            "dependencies": {
                "p-map": {
                    "version": "1.1.1",
                    "resolved": "https://registry.npmjs.org/p-map/-/p-map-1.1.1.tgz",
                    "integrity": "sha1-BfXkrpegaDcbwqXMhr+9vBnErno="
                }
            }
        },
        "orbit-db-eventstore": {
            "version": "1.4.0",
            "resolved": "https://registry.npmjs.org/orbit-db-eventstore/-/orbit-db-eventstore-1.4.0.tgz",
            "integrity": "sha512-VifnAIK8B1JP/hZmn6k0MPk5UzdmoVSsMlvjhPl+d13ZIucAN/tlP5Arn1udXnQVCg9wm3zRD3Ks+wQxE0LJLA==",
            "requires": {
                "orbit-db-store": "github:shamb0t/orbit-db-store#a9f9bf5fbf0f08329de9473111036d2a37ddfede"
            }
        },
        "orbit-db-feedstore": {
            "version": "1.4.0",
            "resolved": "https://registry.npmjs.org/orbit-db-feedstore/-/orbit-db-feedstore-1.4.0.tgz",
            "integrity": "sha512-+VQrei6OMPsz9fHXBtqkqYrlJXJuBbFEpMTYR69uWlDd48z5DrLN1pdRq9ND5YeQmGBhdVR1Pm5zOIQNfYw37A==",
            "requires": {
                "orbit-db-eventstore": "1.4.0"
            }
        },
        "orbit-db-identity-provider": {
            "version": "github:orbitdb/orbit-db-identity-provider#db4bb11ddad8a2cea347782a011bec050827dcef"
        },
        "orbit-db-keystore": {
            "version": "github:orbitdb/orbit-db-keystore#4224c426da2d7f323b54fd4eb9f9c6b3a2935d59",
            "requires": {
                "elliptic": "6.4.1",
                "lru": "3.1.0",
                "mkdirp": "0.5.1",
                "node-localstorage": "1.3.1"
            }
        },
        "orbit-db-kvstore": {
            "version": "github:thiagodelgado111/orbit-db-kvstore#bc33e3c904caacfa9f02574c358988f121888729",
            "requires": {
                "orbit-db-store": "github:orbitdb/orbit-db-store#516ba0a24d34b8d447413d984ff567a6e806d864"
            },
            "dependencies": {
                "orbit-db-store": {
                    "version": "github:orbitdb/orbit-db-store#516ba0a24d34b8d447413d984ff567a6e806d864",
                    "requires": {
                        "ipfs-log": "github:orbitdb/ipfs-log#56c8b81cd58aff2c9432dbd4ca0db93624c2c419",
                        "logplease": "1.2.15",
                        "p-each-series": "1.0.0",
                        "readable-stream": "2.3.6"
                    }
                }
            }
        },
        "orbit-db-pubsub": {
            "version": "0.5.5",
            "resolved": "https://registry.npmjs.org/orbit-db-pubsub/-/orbit-db-pubsub-0.5.5.tgz",
            "integrity": "sha512-o8vATfW7sJ61OrsmaGd2myXdbAc64Plap4Cs4vQ5wlpt4rM74tSo5FY6hIfySei5MuCbxph2y6dDILMhWdcMng==",
            "requires": {
                "ipfs-pubsub-peer-monitor": "0.0.8",
                "logplease": "1.2.15",
                "p-series": "1.1.0"
            }
        },
        "orbit-db-store": {
            "version": "github:shamb0t/orbit-db-store#a9f9bf5fbf0f08329de9473111036d2a37ddfede",
            "requires": {
                "ipfs-log": "github:orbitdb/ipfs-log#56c8b81cd58aff2c9432dbd4ca0db93624c2c419",
                "logplease": "1.2.15",
                "p-each-series": "1.0.0",
                "readable-stream": "2.3.6"
            }
        },
        "os-homedir": {
            "version": "1.0.2",
            "resolved": "https://registry.npmjs.org/os-homedir/-/os-homedir-1.0.2.tgz",
            "integrity": "sha1-/7xJiDNuDoM94MFox+8VISGqf7M="
        },
        "p-each-series": {
            "version": "1.0.0",
            "resolved": "https://registry.npmjs.org/p-each-series/-/p-each-series-1.0.0.tgz",
            "integrity": "sha1-kw89Et0fUOdDRFeiLNbwSsatf3E=",
            "requires": {
                "p-reduce": "1.0.0"
            }
        },
        "p-forever": {
            "version": "1.0.1",
            "resolved": "https://registry.npmjs.org/p-forever/-/p-forever-1.0.1.tgz",
            "integrity": "sha512-9IVAxJdPk88BFMvPjzE+WTZLmAt/FBa47mYY49E2elBki4yJJmQ57XHu3o3Dm1GMde+Xf2d+PzElJIogAPwkug=="
        },
        "p-map": {
            "version": "1.2.0",
            "resolved": "https://registry.npmjs.org/p-map/-/p-map-1.2.0.tgz",
            "integrity": "sha512-r6zKACMNhjPJMTl8KcFH4li//gkrXWfbD6feV8l6doRHlzljFWGJ2AP6iKaCJXyZmAUMOPtvbW7EXkbWO/pLEA=="
        },
        "p-reduce": {
            "version": "1.0.0",
            "resolved": "https://registry.npmjs.org/p-reduce/-/p-reduce-1.0.0.tgz",
            "integrity": "sha1-GMKw3ZNqRpClKfgjH1ig/bakffo="
        },
        "p-series": {
            "version": "1.1.0",
            "resolved": "https://registry.npmjs.org/p-series/-/p-series-1.1.0.tgz",
            "integrity": "sha512-356covArc9UCfj2twY/sxCJKGMzzO+pJJtucizsPC6aS1xKSTBc9PQrQhvFR3+7F+fa2KBKdJjdIcv6NEWDcIQ==",
            "requires": {
                "@sindresorhus/is": "0.7.0",
                "p-reduce": "1.0.0"
            }
        },
        "p-whilst": {
            "version": "1.0.0",
            "resolved": "https://registry.npmjs.org/p-whilst/-/p-whilst-1.0.0.tgz",
            "integrity": "sha1-VGaOrX+TR5n8APHlIw/Wrd645+Y="
        },
        "prebuild-install": {
            "version": "4.0.0",
            "resolved": "https://registry.npmjs.org/prebuild-install/-/prebuild-install-4.0.0.tgz",
            "integrity": "sha512-7tayxeYboJX0RbVzdnKyGl2vhQRWr6qfClEXDhOkXjuaOKCw2q8aiuFhONRYVsG/czia7KhpykIlI2S2VaPunA==",
            "requires": {
                "detect-libc": "1.0.3",
                "expand-template": "1.1.1",
                "github-from-package": "0.0.0",
                "minimist": "1.2.0",
                "mkdirp": "0.5.1",
                "node-abi": "2.4.5",
                "noop-logger": "0.1.1",
                "npmlog": "4.1.2",
                "os-homedir": "1.0.2",
                "pump": "2.0.1",
                "rc": "1.2.8",
                "simple-get": "2.8.1",
                "tar-fs": "1.16.3",
                "tunnel-agent": "0.6.0",
                "which-pm-runs": "1.0.0"
            }
        },
        "process-nextick-args": {
            "version": "2.0.0",
            "resolved": "https://registry.npmjs.org/process-nextick-args/-/process-nextick-args-2.0.0.tgz",
            "integrity": "sha512-MtEC1TqN0EU5nephaJ4rAtThHtC86dNN9qCuEhtshvpVBkAW5ZO7BASN9REnF9eoXGcRub+pFuKEpOHE+HbEMw=="
        },
        "pump": {
            "version": "2.0.1",
            "resolved": "https://registry.npmjs.org/pump/-/pump-2.0.1.tgz",
            "integrity": "sha512-ruPMNRkN3MHP1cWJc9OWr+T/xDP0jhXYCLfJcBuX54hhfIBnaQmAUMfDcG4DM5UMWByBbJY69QSphm3jtDKIkA==",
            "requires": {
                "end-of-stream": "1.4.1",
                "once": "1.4.0"
            }
        },
        "rc": {
            "version": "1.2.8",
            "resolved": "https://registry.npmjs.org/rc/-/rc-1.2.8.tgz",
            "integrity": "sha512-y3bGgqKj3QBdxLbLkomlohkvsA8gdAiUQlSBJnBhfn+BPxg4bc62d8TcBW15wavDfgexCgccckhcZvywyQYPOw==",
            "requires": {
                "deep-extend": "0.6.0",
                "ini": "1.3.5",
                "minimist": "1.2.0",
                "strip-json-comments": "2.0.1"
            }
        },
        "readable-stream": {
            "version": "2.3.6",
            "resolved": "http://registry.npmjs.org/readable-stream/-/readable-stream-2.3.6.tgz",
            "integrity": "sha512-tQtKA9WIAhBF3+VLAseyMqZeBjW0AHJoxOtYqSUZNJxauErmLbVm2FW1y+J/YA9dUrAC39ITejlZWhVIwawkKw==",
            "requires": {
                "core-util-is": "1.0.2",
                "inherits": "2.0.3",
                "isarray": "1.0.0",
                "process-nextick-args": "2.0.0",
                "safe-buffer": "5.1.2",
                "string_decoder": "1.1.1",
                "util-deprecate": "1.0.2"
            }
        },
        "safe-buffer": {
            "version": "5.1.2",
            "resolved": "https://registry.npmjs.org/safe-buffer/-/safe-buffer-5.1.2.tgz",
            "integrity": "sha512-Gd2UZBJDkXlY7GbJxfsE8/nvKkUEU1G38c1siN6QP6a9PT9MmHB8GnpscSmMJSoF8LOIrt8ud/wPtojys4G6+g=="
        },
        "semver": {
            "version": "5.5.1",
            "resolved": "https://registry.npmjs.org/semver/-/semver-5.5.1.tgz",
            "integrity": "sha512-PqpAxfrEhlSUWge8dwIp4tZnQ25DIOthpiaHNIthsjEFQD6EvqUKUDM7L8O2rShkFccYo1VjJR0coWfNkCubRw=="
        },
        "set-blocking": {
            "version": "2.0.0",
            "resolved": "https://registry.npmjs.org/set-blocking/-/set-blocking-2.0.0.tgz",
            "integrity": "sha1-BF+XgtARrppoA93TgrJDkrPYkPc="
        },
        "signal-exit": {
            "version": "3.0.2",
            "resolved": "https://registry.npmjs.org/signal-exit/-/signal-exit-3.0.2.tgz",
            "integrity": "sha1-tf3AjxKH6hF4Yo5BXiUTK3NkbG0="
        },
        "simple-concat": {
            "version": "1.0.0",
            "resolved": "https://registry.npmjs.org/simple-concat/-/simple-concat-1.0.0.tgz",
            "integrity": "sha1-c0TLuLbib7J9ZrL8hvn21Zl1IcY="
        },
        "simple-get": {
            "version": "2.8.1",
            "resolved": "https://registry.npmjs.org/simple-get/-/simple-get-2.8.1.tgz",
            "integrity": "sha512-lSSHRSw3mQNUGPAYRqo7xy9dhKmxFXIjLjp4KHpf99GEH2VH7C3AM+Qfx6du6jhfUi6Vm7XnbEVEf7Wb6N8jRw==",
            "requires": {
                "decompress-response": "3.3.0",
                "once": "1.4.0",
                "simple-concat": "1.0.0"
            }
        },
        "slide": {
            "version": "1.1.6",
            "resolved": "https://registry.npmjs.org/slide/-/slide-1.1.6.tgz",
            "integrity": "sha1-VusCfWW00tzmyy4tMsTUr8nh1wc="
        },
        "string-width": {
            "version": "1.0.2",
            "resolved": "https://registry.npmjs.org/string-width/-/string-width-1.0.2.tgz",
            "integrity": "sha1-EYvfW4zcUaKn5w0hHgfisLmxB9M=",
            "requires": {
                "code-point-at": "1.1.0",
                "is-fullwidth-code-point": "1.0.0",
                "strip-ansi": "3.0.1"
            }
        },
        "string_decoder": {
            "version": "1.1.1",
            "resolved": "https://registry.npmjs.org/string_decoder/-/string_decoder-1.1.1.tgz",
            "integrity": "sha512-n/ShnvDi6FHbbVfviro+WojiFzv+s8MPMHBczVePfUpDJLwoLT0ht1l4YwBCbi8pJAveEEdnkHyPyTP/mzRfwg==",
            "requires": {
                "safe-buffer": "5.1.2"
            }
        },
        "strip-ansi": {
            "version": "3.0.1",
            "resolved": "http://registry.npmjs.org/strip-ansi/-/strip-ansi-3.0.1.tgz",
            "integrity": "sha1-ajhfuIU9lS1f8F0Oiq+UJ43GPc8=",
            "requires": {
                "ansi-regex": "2.1.1"
            }
        },
        "strip-json-comments": {
            "version": "2.0.1",
            "resolved": "https://registry.npmjs.org/strip-json-comments/-/strip-json-comments-2.0.1.tgz",
            "integrity": "sha1-PFMZQukIwml8DsNEhYwobHygpgo="
        },
        "tar-fs": {
            "version": "1.16.3",
            "resolved": "https://registry.npmjs.org/tar-fs/-/tar-fs-1.16.3.tgz",
            "integrity": "sha512-NvCeXpYx7OsmOh8zIOP/ebG55zZmxLE0etfWRbWok+q2Qo8x/vOR/IJT1taADXPe+jsiu9axDb3X4B+iIgNlKw==",
            "requires": {
                "chownr": "1.1.1",
                "mkdirp": "0.5.1",
                "pump": "1.0.3",
                "tar-stream": "1.6.2"
            },
            "dependencies": {
                "pump": {
                    "version": "1.0.3",
                    "resolved": "https://registry.npmjs.org/pump/-/pump-1.0.3.tgz",
                    "integrity": "sha512-8k0JupWme55+9tCVE+FS5ULT3K6AbgqrGa58lTT49RpyfwwcGedHqaC5LlQNdEAumn/wFsu6aPwkuPMioy8kqw==",
                    "requires": {
                        "end-of-stream": "1.4.1",
                        "once": "1.4.0"
                    }
                }
            }
        },
        "tar-stream": {
            "version": "1.6.2",
            "resolved": "https://registry.npmjs.org/tar-stream/-/tar-stream-1.6.2.tgz",
            "integrity": "sha512-rzS0heiNf8Xn7/mpdSVVSMAWAoy9bfb1WOTYC78Z0UQKeKa/CWS8FOq0lKGNa8DWKAn9gxjCvMLYc5PGXYlK2A==",
            "requires": {
                "bl": "1.2.2",
                "buffer-alloc": "1.2.0",
                "end-of-stream": "1.4.1",
                "fs-constants": "1.0.0",
                "readable-stream": "2.3.6",
                "to-buffer": "1.1.1",
                "xtend": "4.0.1"
            }
        },
        "to-buffer": {
            "version": "1.1.1",
            "resolved": "https://registry.npmjs.org/to-buffer/-/to-buffer-1.1.1.tgz",
            "integrity": "sha512-lx9B5iv7msuFYE3dytT+KE5tap+rNYw+K4jVkb9R/asAb+pbBSM17jtunHplhBe6RRJdZx3Pn2Jph24O32mOVg=="
        },
        "tunnel-agent": {
            "version": "0.6.0",
            "resolved": "https://registry.npmjs.org/tunnel-agent/-/tunnel-agent-0.6.0.tgz",
            "integrity": "sha1-J6XeoGs2sEoKmWZ3SykIaPD8QP0=",
            "requires": {
                "safe-buffer": "5.1.2"
            }
        },
        "typedarray-to-buffer": {
            "version": "3.1.5",
            "resolved": "https://registry.npmjs.org/typedarray-to-buffer/-/typedarray-to-buffer-3.1.5.tgz",
            "integrity": "sha512-zdu8XMNEDepKKR+XYOXAVPtWui0ly0NtohUscw+UmaHiAWT8hrV1rr//H6V+0DvJ3OQ19S979M0laLfX8rm82Q==",
            "requires": {
                "is-typedarray": "1.0.0"
            }
        },
        "util-deprecate": {
            "version": "1.0.2",
            "resolved": "https://registry.npmjs.org/util-deprecate/-/util-deprecate-1.0.2.tgz",
            "integrity": "sha1-RQ1Nyfpw3nMnYvvS1KKJgUGaDM8="
        },
        "varint": {
            "version": "5.0.0",
            "resolved": "https://registry.npmjs.org/varint/-/varint-5.0.0.tgz",
            "integrity": "sha1-2Ca4n3SQcy+rwMDtaT7Uddyynr8="
        },
        "which-pm-runs": {
            "version": "1.0.0",
            "resolved": "https://registry.npmjs.org/which-pm-runs/-/which-pm-runs-1.0.0.tgz",
            "integrity": "sha1-Zws6+8VS4LVd9rd4DKdGFfI60cs="
        },
        "wide-align": {
            "version": "1.1.3",
            "resolved": "https://registry.npmjs.org/wide-align/-/wide-align-1.1.3.tgz",
            "integrity": "sha512-QGkOQc8XL6Bt5PwnsExKBPuMKBxnGxWWW3fU55Xt4feHozMUhdUMaBCk290qpm/wG5u/RSKzwdAC4i51YigihA==",
            "requires": {
                "string-width": "1.0.2"
            }
        },
        "wrappy": {
            "version": "1.0.2",
            "resolved": "https://registry.npmjs.org/wrappy/-/wrappy-1.0.2.tgz",
            "integrity": "sha1-tSQ9jz7BqjXxNkYFvA0QNuMKtp8="
        },
        "write-file-atomic": {
            "version": "1.3.4",
            "resolved": "https://registry.npmjs.org/write-file-atomic/-/write-file-atomic-1.3.4.tgz",
            "integrity": "sha1-+Aek8LHZ6ROuekgRLmzDrxmRtF8=",
            "requires": {
                "graceful-fs": "4.1.11",
                "imurmurhash": "0.1.4",
                "slide": "1.1.6"
            }
        },
        "xtend": {
            "version": "4.0.1",
            "resolved": "https://registry.npmjs.org/xtend/-/xtend-4.0.1.tgz",
            "integrity": "sha1-pcbVMr5lbiPbgg77lDofBJmNY68="
        }
    }
}
